
Microsoft Visual Studio Solution File, Format Version 12.00
# Visual Studio Version 16
VisualStudioVersion = 16.0.31624.102
MinimumVisualStudioVersion = 10.0.40219.1
Project("{888888A0-9F3D-457C-B088-3A5042F75D52}") = "CFU_Counter_project", "CFU_Counter_project.pyproj", "{20D35568-50C6-40CE-822A-9194673ED26E}"
EndProject
Global
	GlobalSection(SolutionConfigurationPlatforms) = preSolution
		Debug|Any CPU = Debug|Any CPU
		Release|Any CPU = Release|Any CPU
	EndGlobalSection
	GlobalSection(ProjectConfigurationPlatforms) = postSolution
		{20D35568-50C6-40CE-822A-9194673ED26E}.Debug|Any CPU.ActiveCfg = Debug|Any CPU
		{20D35568-50C6-40CE-822A-9194673ED26E}.Release|Any CPU.ActiveCfg = Release|Any CPU
	EndGlobalSection
	GlobalSection(SolutionProperties) = preSolution
		HideSolutionNode = FALSE
	EndGlobalSection
	GlobalSection(ExtensibilityGlobals) = postSolution
		SolutionGuid = {3D652F62-4B07-4EE7-A116-0F89FFB482B2}
	EndGlobalSection
EndGlobal
